apiVersion: vendir.k14s.io/v1alpha1
directories:
- contents:
  - git:
      commitTitle: 'chore(node): bump Node.js from 20 to v24.19.0 (LTS "Krypton")
        (#770)...'
      sha: f546d5c94cd176cf2c22f32baaae2785928d17ce
      tags:
      - 0.22.53-2-gf546d5c94
    path: .
  path: dev
- contents:
  - git:
      commitTitle: 'chore(node): bump Node.js from 20 to v24.19.0 (LTS "Krypton")
        (#770)...'
      sha: f546d5c94cd176cf2c22f32baaae2785928d17ce
      tags:
      - 0.22.53-2-gf546d5c94
    path: schemas
  - git:
      commitTitle: 'chore(node): bump Node.js from 20 to v24.19.0 (LTS "Krypton")
        (#770)...'
      sha: f546d5c94cd176cf2c22f32baaae2785928d17ce
      tags:
      - 0.22.53-2-gf546d5c94
    path: gql
  path: graphql
kind: LockConfig
