apiVersion: vendir.k14s.io/v1alpha1
directories:
- contents:
  - git:
      commitTitle: 'feat(api): add allowUsernameSetup config flag (#634)'
      sha: b2b58ea6d618cd984b16fb286ce1b734cdddad46
      tags:
      - 0.22.12
    path: .
  path: dev
- contents:
  - git:
      commitTitle: 'feat(api): add allowUsernameSetup config flag (#634)'
      sha: b2b58ea6d618cd984b16fb286ce1b734cdddad46
      tags:
      - 0.22.12
    path: schemas
  - git:
      commitTitle: 'feat(api): add allowUsernameSetup config flag (#634)'
      sha: b2b58ea6d618cd984b16fb286ce1b734cdddad46
      tags:
      - 0.22.12
    path: gql
  path: graphql
kind: LockConfig
